<?xml version="1.0" encoding="utf-8"?>
<Project ToolsVersion="4.0" xmlns="http://schemas.microsoft.com/developer/msbuild/2003">
  <ItemGroup>
    <Filter Include="Source Files">
      <UniqueIdentifier>{4FC737F1-C7A5-4376-A066-2A32D752A2FF}</UniqueIdentifier>
      <Extensions>cpp;c;cc;cxx;def;odl;idl;hpj;bat;asm;asmx</Extensions>
    </Filter>
    <Filter Include="Header Files">
      <UniqueIdentifier>{93995380-89BD-4b04-88EB-625FBE52EBFB}</UniqueIdentifier>
      <Extensions>h;hh;hpp;hxx;hm;inl;inc;xsd</Extensions>
    </Filter>
    <Filter Include="Resource Files">
      <UniqueIdentifier>{67DA6AB6-F800-4c08-8B7A-83BB121AAD01}</UniqueIdentifier>
      <Extensions>rc;ico;cur;bmp;dlg;rc2;rct;bin;rgs;gif;jpg;jpeg;jpe;resx;tiff;tif;png;wav;mfcribbon-ms</Extensions>
    </Filter>
  </ItemGroup>
  <ItemGroup>
    <ClCompile Include="source\main.cpp">
      <Filter>Source Files</Filter>
    </ClCompile>
    <ClCompile Include="source\Database\Database.cpp">
      <Filter>Source Files</Filter>
    </ClCompile>
    <ClCompile Include="source\Utilities\utils.cpp">
      <Filter>Source Files</Filter>
    </ClCompile>
    <ClCompile Include="source\Database\MySQL++\beemutex.cpp">
      <Filter>Source Files</Filter>
    </ClCompile>
    <ClCompile Include="source\Database\MySQL++\cmdline.cpp">
      <Filter>Source Files</Filter>
    </ClCompile>
    <ClCompile Include="source\Database\MySQL++\connection.cpp">
      <Filter>Source Files</Filter>
    </ClCompile>
    <ClCompile Include="source\Database\MySQL++\cpool.cpp">
      <Filter>Source Files</Filter>
    </ClCompile>
    <ClCompile Include="source\Database\MySQL++\datetime.cpp">
      <Filter>Source Files</Filter>
    </ClCompile>
    <ClCompile Include="source\Database\MySQL++\dbdriver.cpp">
      <Filter>Source Files</Filter>
    </ClCompile>
    <ClCompile Include="source\Database\MySQL++\field_names.cpp">
      <Filter>Source Files</Filter>
    </ClCompile>
    <ClCompile Include="source\Database\MySQL++\field_types.cpp">
      <Filter>Source Files</Filter>
    </ClCompile>
    <ClCompile Include="source\Database\MySQL++\manip.cpp">
      <Filter>Source Files</Filter>
    </ClCompile>
    <ClCompile Include="source\Database\MySQL++\myset.cpp">
      <Filter>Source Files</Filter>
    </ClCompile>
    <ClCompile Include="source\Database\MySQL++\mysql++.cpp">
      <Filter>Source Files</Filter>
    </ClCompile>
    <ClCompile Include="source\Database\MySQL++\mystring.cpp">
      <Filter>Source Files</Filter>
    </ClCompile>
    <ClCompile Include="source\Database\MySQL++\null.cpp">
      <Filter>Source Files</Filter>
    </ClCompile>
    <ClCompile Include="source\Database\MySQL++\options.cpp">
      <Filter>Source Files</Filter>
    </ClCompile>
    <ClCompile Include="source\Database\MySQL++\qparms.cpp">
      <Filter>Source Files</Filter>
    </ClCompile>
    <ClCompile Include="source\Database\MySQL++\query.cpp">
      <Filter>Source Files</Filter>
    </ClCompile>
    <ClCompile Include="source\Database\MySQL++\result.cpp">
      <Filter>Source Files</Filter>
    </ClCompile>
    <ClCompile Include="source\Database\MySQL++\row.cpp">
      <Filter>Source Files</Filter>
    </ClCompile>
    <ClCompile Include="source\Database\MySQL++\scopedconnection.cpp">
      <Filter>Source Files</Filter>
    </ClCompile>
    <ClCompile Include="source\Database\MySQL++\sql_buffer.cpp">
      <Filter>Source Files</Filter>
    </ClCompile>
    <ClCompile Include="source\Database\MySQL++\sqlstream.cpp">
      <Filter>Source Files</Filter>
    </ClCompile>
    <ClCompile Include="source\Database\MySQL++\ssqls2.cpp">
      <Filter>Source Files</Filter>
    </ClCompile>
    <ClCompile Include="source\Database\MySQL++\stadapter.cpp">
      <Filter>Source Files</Filter>
    </ClCompile>
    <ClCompile Include="source\Database\MySQL++\tcp_connection.cpp">
      <Filter>Source Files</Filter>
    </ClCompile>
    <ClCompile Include="source\Database\MySQL++\transaction.cpp">
      <Filter>Source Files</Filter>
    </ClCompile>
    <ClCompile Include="source\Database\MySQL++\type_info.cpp">
      <Filter>Source Files</Filter>
    </ClCompile>
    <ClCompile Include="source\Database\MySQL++\uds_connection.cpp">
      <Filter>Source Files</Filter>
    </ClCompile>
    <ClCompile Include="source\Database\MySQL++\utility.cpp">
      <Filter>Source Files</Filter>
    </ClCompile>
    <ClCompile Include="source\Database\MySQL++\vallist.cpp">
      <Filter>Source Files</Filter>
    </ClCompile>
    <ClCompile Include="source\Database\MySQL++\wnp_connection.cpp">
      <Filter>Source Files</Filter>
    </ClCompile>
    <ClCompile Include="source\Account\Account.cpp">
      <Filter>Source Files</Filter>
    </ClCompile>
    <ClCompile Include="source\Character\Character.cpp">
      <Filter>Source Files</Filter>
    </ClCompile>
  </ItemGroup>
  <ItemGroup>
    <ClInclude Include="source\Database\Database.h">
      <Filter>Header Files</Filter>
    </ClInclude>
    <ClInclude Include="source\Utilities\utils.h">
      <Filter>Header Files</Filter>
    </ClInclude>
    <ClInclude Include="source\Database\MySQL++\autoflag.h">
      <Filter>Header Files</Filter>
    </ClInclude>
    <ClInclude Include="source\Database\MySQL++\beemutex.h">
      <Filter>Header Files</Filter>
    </ClInclude>
    <ClInclude Include="source\Database\MySQL++\cmdline.h">
      <Filter>Header Files</Filter>
    </ClInclude>
    <ClInclude Include="source\Database\MySQL++\common.h">
      <Filter>Header Files</Filter>
    </ClInclude>
    <ClInclude Include="source\Database\MySQL++\comparable.h">
      <Filter>Header Files</Filter>
    </ClInclude>
    <ClInclude Include="source\Database\MySQL++\connection.h">
      <Filter>Header Files</Filter>
    </ClInclude>
    <ClInclude Include="source\Database\MySQL++\cpool.h">
      <Filter>Header Files</Filter>
    </ClInclude>
    <ClInclude Include="source\Database\MySQL++\datetime.h">
      <Filter>Header Files</Filter>
    </ClInclude>
    <ClInclude Include="source\Database\MySQL++\dbdriver.h">
      <Filter>Header Files</Filter>
    </ClInclude>
    <ClInclude Include="source\Database\MySQL++\exceptions.h">
      <Filter>Header Files</Filter>
    </ClInclude>
    <ClInclude Include="source\Database\MySQL++\field.h">
      <Filter>Header Files</Filter>
    </ClInclude>
    <ClInclude Include="source\Database\MySQL++\field_names.h">
      <Filter>Header Files</Filter>
    </ClInclude>
    <ClInclude Include="source\Database\MySQL++\field_types.h">
      <Filter>Header Files</Filter>
    </ClInclude>
    <ClInclude Include="source\Database\MySQL++\insertpolicy.h">
      <Filter>Header Files</Filter>
    </ClInclude>
    <ClInclude Include="source\Database\MySQL++\manip.h">
      <Filter>Header Files</Filter>
    </ClInclude>
    <ClInclude Include="source\Database\MySQL++\myset.h">
      <Filter>Header Files</Filter>
    </ClInclude>
    <ClInclude Include="source\Database\MySQL++\mysql++.h">
      <Filter>Header Files</Filter>
    </ClInclude>
    <ClInclude Include="source\Database\MySQL++\mystring.h">
      <Filter>Header Files</Filter>
    </ClInclude>
    <ClInclude Include="source\Database\MySQL++\noexceptions.h">
      <Filter>Header Files</Filter>
    </ClInclude>
    <ClInclude Include="source\Database\MySQL++\null.h">
      <Filter>Header Files</Filter>
    </ClInclude>
    <ClInclude Include="source\Database\MySQL++\options.h">
      <Filter>Header Files</Filter>
    </ClInclude>
    <ClInclude Include="source\Database\MySQL++\qparms.h">
      <Filter>Header Files</Filter>
    </ClInclude>
    <ClInclude Include="source\Database\MySQL++\query.h">
      <Filter>Header Files</Filter>
    </ClInclude>
    <ClInclude Include="source\Database\MySQL++\querydef.h">
      <Filter>Header Files</Filter>
    </ClInclude>
    <ClInclude Include="source\Database\MySQL++\refcounted.h">
      <Filter>Header Files</Filter>
    </ClInclude>
    <ClInclude Include="source\Database\MySQL++\result.h">
      <Filter>Header Files</Filter>
    </ClInclude>
    <ClInclude Include="source\Database\MySQL++\row.h">
      <Filter>Header Files</Filter>
    </ClInclude>
    <ClInclude Include="source\Database\MySQL++\scopedconnection.h">
      <Filter>Header Files</Filter>
    </ClInclude>
    <ClInclude Include="source\Database\MySQL++\sql_buffer.h">
      <Filter>Header Files</Filter>
    </ClInclude>
    <ClInclude Include="source\Database\MySQL++\sql_types.h">
      <Filter>Header Files</Filter>
    </ClInclude>
    <ClInclude Include="source\Database\MySQL++\sqlstream.h">
      <Filter>Header Files</Filter>
    </ClInclude>
    <ClInclude Include="source\Database\MySQL++\ssqls.h">
      <Filter>Header Files</Filter>
    </ClInclude>
    <ClInclude Include="source\Database\MySQL++\ssqls2.h">
      <Filter>Header Files</Filter>
    </ClInclude>
    <ClInclude Include="source\Database\MySQL++\stadapter.h">
      <Filter>Header Files</Filter>
    </ClInclude>
    <ClInclude Include="source\Database\MySQL++\stream2string.h">
      <Filter>Header Files</Filter>
    </ClInclude>
    <ClInclude Include="source\Database\MySQL++\tcp_connection.h">
      <Filter>Header Files</Filter>
    </ClInclude>
    <ClInclude Include="source\Database\MySQL++\tiny_int.h">
      <Filter>Header Files</Filter>
    </ClInclude>
    <ClInclude Include="source\Database\MySQL++\transaction.h">
      <Filter>Header Files</Filter>
    </ClInclude>
    <ClInclude Include="source\Database\MySQL++\type_info.h">
      <Filter>Header Files</Filter>
    </ClInclude>
    <ClInclude Include="source\Database\MySQL++\uds_connection.h">
      <Filter>Header Files</Filter>
    </ClInclude>
    <ClInclude Include="source\Database\MySQL++\utility.h">
      <Filter>Header Files</Filter>
    </ClInclude>
    <ClInclude Include="source\Database\MySQL++\vallist.h">
      <Filter>Header Files</Filter>
    </ClInclude>
    <ClInclude Include="source\Database\MySQL++\wnp_connection.h">
      <Filter>Header Files</Filter>
    </ClInclude>
    <ClInclude Include="source\Account\Account.h">
      <Filter>Header Files</Filter>
    </ClInclude>
    <ClInclude Include="source\Character\Character.h">
      <Filter>Header Files</Filter>
    </ClInclude>
  </ItemGroup>
</Project>